
Microsoft Visual Studio Solution File, Format Version 12.00
# Visual Studio Version 17
VisualStudioVersion = 17.14.36221.1 d17.14
MinimumVisualStudioVersion = 10.0.40219.1
Project("{2150E333-8FDC-42A3-9474-1A3956D46DE8}") = "src", "src", "{02EA681E-C7D8-13C7-8484-4AC65E1B71E8}"
EndProject
Project("{FAE04EC0-301F-11D3-BF4B-00C04F79EFBC}") = "WebAPI", "WebAPI\WebAPI.csproj", "{E9C208DF-F944-4D76-9291-B0042CBCE1B6}"
EndProject
Project("{FAE04EC0-301F-11D3-BF4B-00C04F79EFBC}") = "Domain", "Domain\Domain.csproj", "{E9053F76-8BF7-444F-BA1C-CF8810B62324}"
EndProject
Project("{FAE04EC0-301F-11D3-BF4B-00C04F79EFBC}") = "Infrastructure.Data", "Infrastructure.Data\Infrastructure.Data.csproj", "{27B81E89-AB9E-471B-816D-19D03A6DF667}"
EndProject
Project("{FAE04EC0-301F-11D3-BF4B-00C04F79EFBC}") = "Infrastructure.IoC", "Infrastructure.IoC\Infrastructure.IoC.csproj", "{D3A0D8F4-EF35-499B-814B-43D0F57CE445}"
EndProject
Project("{FAE04EC0-301F-11D3-BF4B-00C04F79EFBC}") = "Main", "Main\Main.csproj", "{D8CD33F8-F1F7-48B6-A538-E335432D791D}"
EndProject
Global
	GlobalSection(SolutionConfigurationPlatforms) = preSolution
		Debug|Any CPU = Debug|Any CPU
		Release|Any CPU = Release|Any CPU
	EndGlobalSection
	GlobalSection(ProjectConfigurationPlatforms) = postSolution
		{E9C208DF-F944-4D76-9291-B0042CBCE1B6}.Debug|Any CPU.ActiveCfg = Debug|Any CPU
		{E9C208DF-F944-4D76-9291-B0042CBCE1B6}.Debug|Any CPU.Build.0 = Debug|Any CPU
		{E9C208DF-F944-4D76-9291-B0042CBCE1B6}.Release|Any CPU.ActiveCfg = Release|Any CPU
		{E9C208DF-F944-4D76-9291-B0042CBCE1B6}.Release|Any CPU.Build.0 = Release|Any CPU
		{E9053F76-8BF7-444F-BA1C-CF8810B62324}.Debug|Any CPU.ActiveCfg = Debug|Any CPU
		{E9053F76-8BF7-444F-BA1C-CF8810B62324}.Debug|Any CPU.Build.0 = Debug|Any CPU
		{E9053F76-8BF7-444F-BA1C-CF8810B62324}.Release|Any CPU.ActiveCfg = Release|Any CPU
		{E9053F76-8BF7-444F-BA1C-CF8810B62324}.Release|Any CPU.Build.0 = Release|Any CPU
		{27B81E89-AB9E-471B-816D-19D03A6DF667}.Debug|Any CPU.ActiveCfg = Debug|Any CPU
		{27B81E89-AB9E-471B-816D-19D03A6DF667}.Debug|Any CPU.Build.0 = Debug|Any CPU
		{27B81E89-AB9E-471B-816D-19D03A6DF667}.Release|Any CPU.ActiveCfg = Release|Any CPU
		{27B81E89-AB9E-471B-816D-19D03A6DF667}.Release|Any CPU.Build.0 = Release|Any CPU
		{D3A0D8F4-EF35-499B-814B-43D0F57CE445}.Debug|Any CPU.ActiveCfg = Debug|Any CPU
		{D3A0D8F4-EF35-499B-814B-43D0F57CE445}.Debug|Any CPU.Build.0 = Debug|Any CPU
		{D3A0D8F4-EF35-499B-814B-43D0F57CE445}.Release|Any CPU.ActiveCfg = Release|Any CPU
		{D3A0D8F4-EF35-499B-814B-43D0F57CE445}.Release|Any CPU.Build.0 = Release|Any CPU
		{D8CD33F8-F1F7-48B6-A538-E335432D791D}.Debug|Any CPU.ActiveCfg = Debug|Any CPU
		{D8CD33F8-F1F7-48B6-A538-E335432D791D}.Debug|Any CPU.Build.0 = Debug|Any CPU
		{D8CD33F8-F1F7-48B6-A538-E335432D791D}.Release|Any CPU.ActiveCfg = Release|Any CPU
		{D8CD33F8-F1F7-48B6-A538-E335432D791D}.Release|Any CPU.Build.0 = Release|Any CPU
	EndGlobalSection
	GlobalSection(SolutionProperties) = preSolution
		HideSolutionNode = FALSE
	EndGlobalSection
	GlobalSection(NestedProjects) = preSolution
		{E9C208DF-F944-4D76-9291-B0042CBCE1B6} = {02EA681E-C7D8-13C7-8484-4AC65E1B71E8}
		{E9053F76-8BF7-444F-BA1C-CF8810B62324} = {02EA681E-C7D8-13C7-8484-4AC65E1B71E8}
		{27B81E89-AB9E-471B-816D-19D03A6DF667} = {02EA681E-C7D8-13C7-8484-4AC65E1B71E8}
		{D3A0D8F4-EF35-499B-814B-43D0F57CE445} = {02EA681E-C7D8-13C7-8484-4AC65E1B71E8}
		{D8CD33F8-F1F7-48B6-A538-E335432D791D} = {02EA681E-C7D8-13C7-8484-4AC65E1B71E8}
	EndGlobalSection
	GlobalSection(ExtensibilityGlobals) = postSolution
		SolutionGuid = {DF9CC1ED-616E-4F3C-8302-4877ECD2F729}
	EndGlobalSection
EndGlobal
